
Microsoft Visual Studio Solution File, Format Version 12.00
# Visual Studio Version 17
VisualStudioVersion = 17.14.36109.1
MinimumVisualStudioVersion = 10.0.40219.1
Project("{FAE04EC0-301F-11D3-BF4B-00C04F79EFBC}") = "A42.Planning.WebApp", "A42.Planning.WebApp.csproj", "{D9835370-8A55-4BAD-BD66-0DE904BE6BBE}"
EndProject
Project("{FAE04EC0-301F-11D3-BF4B-00C04F79EFBC}") = "A42.Planning.Domain", "..\A42.Planning.Domain\A42.Planning.Domain.csproj", "{E43C7A7F-FABF-4DB7-8636-FC720B39453C}"
EndProject
Project("{FAE04EC0-301F-11D3-BF4B-00C04F79EFBC}") = "A42.Planning.Data", "..\A42.Planning.Data\A42.Planning.Data.csproj", "{E1593670-8938-4C32-8215-DF7E30F03625}"
EndProject
Project("{2150E333-8FDC-42A3-9474-1A3956D46DE8}") = "Solution Items", "Solution Items", "{02EA681E-C7D8-13C7-8484-4AC65E1B71E8}"
	ProjectSection(SolutionItems) = preProject
		..\..\..\.editorconfig = ..\..\..\.editorconfig
		..\..\..\.gitignore = ..\..\..\.gitignore
		..\..\..\README.md = ..\..\..\README.md
	EndProjectSection
EndProject
Project("{FAE04EC0-301F-11D3-BF4B-00C04F79EFBC}") = "A42.Planning.Tests", "..\A42.Planning.Tests\A42.Planning.Tests.csproj", "{3C93ACF6-2D99-4DD7-9788-24428A33BD78}"
EndProject
Project("{FAE04EC0-301F-11D3-BF4B-00C04F79EFBC}") = "A42.Planning.Data.Abstractions", "..\A42.Planning.Data.Abstractions\A42.Planning.Data.Abstractions.csproj", "{D9642F2B-6BAF-4158-8771-2075DF35AD29}"
EndProject
Global
	GlobalSection(SolutionConfigurationPlatforms) = preSolution
		Debug|Any CPU = Debug|Any CPU
		Release|Any CPU = Release|Any CPU
	EndGlobalSection
	GlobalSection(ProjectConfigurationPlatforms) = postSolution
		{D9835370-8A55-4BAD-BD66-0DE904BE6BBE}.Debug|Any CPU.ActiveCfg = Debug|Any CPU
		{D9835370-8A55-4BAD-BD66-0DE904BE6BBE}.Debug|Any CPU.Build.0 = Debug|Any CPU
		{D9835370-8A55-4BAD-BD66-0DE904BE6BBE}.Release|Any CPU.ActiveCfg = Release|Any CPU
		{D9835370-8A55-4BAD-BD66-0DE904BE6BBE}.Release|Any CPU.Build.0 = Release|Any CPU
		{E43C7A7F-FABF-4DB7-8636-FC720B39453C}.Debug|Any CPU.ActiveCfg = Debug|Any CPU
		{E43C7A7F-FABF-4DB7-8636-FC720B39453C}.Debug|Any CPU.Build.0 = Debug|Any CPU
		{E43C7A7F-FABF-4DB7-8636-FC720B39453C}.Release|Any CPU.ActiveCfg = Release|Any CPU
		{E43C7A7F-FABF-4DB7-8636-FC720B39453C}.Release|Any CPU.Build.0 = Release|Any CPU
		{E1593670-8938-4C32-8215-DF7E30F03625}.Debug|Any CPU.ActiveCfg = Debug|Any CPU
		{E1593670-8938-4C32-8215-DF7E30F03625}.Debug|Any CPU.Build.0 = Debug|Any CPU
		{E1593670-8938-4C32-8215-DF7E30F03625}.Release|Any CPU.ActiveCfg = Release|Any CPU
		{E1593670-8938-4C32-8215-DF7E30F03625}.Release|Any CPU.Build.0 = Release|Any CPU
		{3C93ACF6-2D99-4DD7-9788-24428A33BD78}.Debug|Any CPU.ActiveCfg = Debug|Any CPU
		{3C93ACF6-2D99-4DD7-9788-24428A33BD78}.Debug|Any CPU.Build.0 = Debug|Any CPU
		{3C93ACF6-2D99-4DD7-9788-24428A33BD78}.Release|Any CPU.ActiveCfg = Release|Any CPU
		{3C93ACF6-2D99-4DD7-9788-24428A33BD78}.Release|Any CPU.Build.0 = Release|Any CPU
		{D9642F2B-6BAF-4158-8771-2075DF35AD29}.Debug|Any CPU.ActiveCfg = Debug|Any CPU
		{D9642F2B-6BAF-4158-8771-2075DF35AD29}.Debug|Any CPU.Build.0 = Debug|Any CPU
		{D9642F2B-6BAF-4158-8771-2075DF35AD29}.Release|Any CPU.ActiveCfg = Release|Any CPU
		{D9642F2B-6BAF-4158-8771-2075DF35AD29}.Release|Any CPU.Build.0 = Release|Any CPU
	EndGlobalSection
	GlobalSection(SolutionProperties) = preSolution
		HideSolutionNode = FALSE
	EndGlobalSection
	GlobalSection(ExtensibilityGlobals) = postSolution
		SolutionGuid = {6E6E57CC-409A-402E-AE95-7826E5EE08DB}
	EndGlobalSection
EndGlobal
